
Microsoft Visual Studio Solution File, Format Version 12.00
# Visual Studio Version 17
VisualStudioVersion = 17.10.34928.147
MinimumVisualStudioVersion = 10.0.40219.1
Project("{9A19103F-16F7-4668-BE54-9A1E7A4F7556}") = "Quiz.ForNative", "Quiz.ForNative.csproj", "{EF354536-6BA2-44A5-B606-7F892CB6D714}"
EndProject
Project("{9A19103F-16F7-4668-BE54-9A1E7A4F7556}") = "Quiz.ViewModels", "..\Quiz.ViewModels\Quiz.ViewModels.csproj", "{87BBF9B5-AE31-41D5-BF9A-E8786F5D6C33}"
EndProject
Project("{9A19103F-16F7-4668-BE54-9A1E7A4F7556}") = "Quiz.Services", "..\Quiz.Services\Quiz.Services.csproj", "{DD7028E5-71B3-4363-8712-0E7626D1AA53}"
EndProject
Project("{9A19103F-16F7-4668-BE54-9A1E7A4F7556}") = "Quiz.Infrastructures", "..\Quiz.Infrastructures\Quiz.Infrastructures.csproj", "{E0A68600-7407-43D2-844F-140CB895276C}"
EndProject
Project("{9A19103F-16F7-4668-BE54-9A1E7A4F7556}") = "Quiz.Models", "..\Quiz.Models\Quiz.Models.csproj", "{29740447-8955-4E4E-B0CE-F40FFA7F59C9}"
EndProject
Project("{9A19103F-16F7-4668-BE54-9A1E7A4F7556}") = "Quiz.Dtos", "..\Quiz.Dtos\Quiz.Dtos.csproj", "{168BD475-18DF-42A8-872E-CD2A7CD84CCA}"
EndProject
Project("{2150E333-8FDC-42A3-9474-1A3956D46DE8}") = "src", "src", "{32107103-9DD7-413E-A386-855187C4B270}"
EndProject
Project("{2150E333-8FDC-42A3-9474-1A3956D46DE8}") = "test", "test", "{0C2B35B3-FA83-441A-8672-4A4183286D97}"
EndProject
Project("{9A19103F-16F7-4668-BE54-9A1E7A4F7556}") = "Quiz.Validations", "..\Quiz.Validations\Quiz.Validations.csproj", "{A66D02D4-862C-4F9E-B78E-D0D5C5613D9E}"
EndProject
Project("{FAE04EC0-301F-11D3-BF4B-00C04F79EFBC}") = "Quiz.Validations.Tests", "..\tests\Quiz.Validation.Tests\Quiz.Validations.Tests.csproj", "{8622A656-3C7E-4ECC-899B-DA8A12D12CE0}"
EndProject
Global
	GlobalSection(SolutionConfigurationPlatforms) = preSolution
		Debug|Any CPU = Debug|Any CPU
		Release|Any CPU = Release|Any CPU
	EndGlobalSection
	GlobalSection(ProjectConfigurationPlatforms) = postSolution
		{EF354536-6BA2-44A5-B606-7F892CB6D714}.Debug|Any CPU.ActiveCfg = Debug|Any CPU
		{EF354536-6BA2-44A5-B606-7F892CB6D714}.Debug|Any CPU.Build.0 = Debug|Any CPU
		{EF354536-6BA2-44A5-B606-7F892CB6D714}.Debug|Any CPU.Deploy.0 = Debug|Any CPU
		{EF354536-6BA2-44A5-B606-7F892CB6D714}.Release|Any CPU.ActiveCfg = Release|Any CPU
		{EF354536-6BA2-44A5-B606-7F892CB6D714}.Release|Any CPU.Build.0 = Release|Any CPU
		{EF354536-6BA2-44A5-B606-7F892CB6D714}.Release|Any CPU.Deploy.0 = Release|Any CPU
		{87BBF9B5-AE31-41D5-BF9A-E8786F5D6C33}.Debug|Any CPU.ActiveCfg = Debug|Any CPU
		{87BBF9B5-AE31-41D5-BF9A-E8786F5D6C33}.Debug|Any CPU.Build.0 = Debug|Any CPU
		{87BBF9B5-AE31-41D5-BF9A-E8786F5D6C33}.Release|Any CPU.ActiveCfg = Release|Any CPU
		{87BBF9B5-AE31-41D5-BF9A-E8786F5D6C33}.Release|Any CPU.Build.0 = Release|Any CPU
		{DD7028E5-71B3-4363-8712-0E7626D1AA53}.Debug|Any CPU.ActiveCfg = Debug|Any CPU
		{DD7028E5-71B3-4363-8712-0E7626D1AA53}.Debug|Any CPU.Build.0 = Debug|Any CPU
		{DD7028E5-71B3-4363-8712-0E7626D1AA53}.Release|Any CPU.ActiveCfg = Release|Any CPU
		{DD7028E5-71B3-4363-8712-0E7626D1AA53}.Release|Any CPU.Build.0 = Release|Any CPU
		{E0A68600-7407-43D2-844F-140CB895276C}.Debug|Any CPU.ActiveCfg = Debug|Any CPU
		{E0A68600-7407-43D2-844F-140CB895276C}.Debug|Any CPU.Build.0 = Debug|Any CPU
		{E0A68600-7407-43D2-844F-140CB895276C}.Release|Any CPU.ActiveCfg = Release|Any CPU
		{E0A68600-7407-43D2-844F-140CB895276C}.Release|Any CPU.Build.0 = Release|Any CPU
		{29740447-8955-4E4E-B0CE-F40FFA7F59C9}.Debug|Any CPU.ActiveCfg = Debug|Any CPU
		{29740447-8955-4E4E-B0CE-F40FFA7F59C9}.Debug|Any CPU.Build.0 = Debug|Any CPU
		{29740447-8955-4E4E-B0CE-F40FFA7F59C9}.Release|Any CPU.ActiveCfg = Release|Any CPU
		{29740447-8955-4E4E-B0CE-F40FFA7F59C9}.Release|Any CPU.Build.0 = Release|Any CPU
		{168BD475-18DF-42A8-872E-CD2A7CD84CCA}.Debug|Any CPU.ActiveCfg = Debug|Any CPU
		{168BD475-18DF-42A8-872E-CD2A7CD84CCA}.Debug|Any CPU.Build.0 = Debug|Any CPU
		{168BD475-18DF-42A8-872E-CD2A7CD84CCA}.Release|Any CPU.ActiveCfg = Release|Any CPU
		{168BD475-18DF-42A8-872E-CD2A7CD84CCA}.Release|Any CPU.Build.0 = Release|Any CPU
		{A66D02D4-862C-4F9E-B78E-D0D5C5613D9E}.Debug|Any CPU.ActiveCfg = Debug|Any CPU
		{A66D02D4-862C-4F9E-B78E-D0D5C5613D9E}.Debug|Any CPU.Build.0 = Debug|Any CPU
		{A66D02D4-862C-4F9E-B78E-D0D5C5613D9E}.Release|Any CPU.ActiveCfg = Release|Any CPU
		{A66D02D4-862C-4F9E-B78E-D0D5C5613D9E}.Release|Any CPU.Build.0 = Release|Any CPU
		{8622A656-3C7E-4ECC-899B-DA8A12D12CE0}.Debug|Any CPU.ActiveCfg = Debug|Any CPU
		{8622A656-3C7E-4ECC-899B-DA8A12D12CE0}.Debug|Any CPU.Build.0 = Debug|Any CPU
		{8622A656-3C7E-4ECC-899B-DA8A12D12CE0}.Release|Any CPU.ActiveCfg = Release|Any CPU
		{8622A656-3C7E-4ECC-899B-DA8A12D12CE0}.Release|Any CPU.Build.0 = Release|Any CPU
	EndGlobalSection
	GlobalSection(SolutionProperties) = preSolution
		HideSolutionNode = FALSE
	EndGlobalSection
	GlobalSection(NestedProjects) = preSolution
		{EF354536-6BA2-44A5-B606-7F892CB6D714} = {32107103-9DD7-413E-A386-855187C4B270}
		{87BBF9B5-AE31-41D5-BF9A-E8786F5D6C33} = {32107103-9DD7-413E-A386-855187C4B270}
		{DD7028E5-71B3-4363-8712-0E7626D1AA53} = {32107103-9DD7-413E-A386-855187C4B270}
		{E0A68600-7407-43D2-844F-140CB895276C} = {32107103-9DD7-413E-A386-855187C4B270}
		{29740447-8955-4E4E-B0CE-F40FFA7F59C9} = {32107103-9DD7-413E-A386-855187C4B270}
		{168BD475-18DF-42A8-872E-CD2A7CD84CCA} = {32107103-9DD7-413E-A386-855187C4B270}
		{A66D02D4-862C-4F9E-B78E-D0D5C5613D9E} = {32107103-9DD7-413E-A386-855187C4B270}
		{8622A656-3C7E-4ECC-899B-DA8A12D12CE0} = {0C2B35B3-FA83-441A-8672-4A4183286D97}
	EndGlobalSection
	GlobalSection(ExtensibilityGlobals) = postSolution
		SolutionGuid = {8333539B-C18F-4859-B984-7C444B6E0E8F}
	EndGlobalSection
EndGlobal
