
Microsoft Visual Studio Solution File, Format Version 12.00
# Visual Studio Version 17
VisualStudioVersion = 17.10.34928.147
MinimumVisualStudioVersion = 10.0.40219.1
Project("{9A19103F-16F7-4668-BE54-9A1E7A4F7556}") = "Quiz.ForNative", "Quiz.ForNative.csproj", "{EF354536-6BA2-44A5-B606-7F892CB6D714}"
EndProject
Project("{9A19103F-16F7-4668-BE54-9A1E7A4F7556}") = "Quiz.ViewModels", "..\Quiz.ViewModels\Quiz.ViewModels.csproj", "{87BBF9B5-AE31-41D5-BF9A-E8786F5D6C33}"
EndProject
Project("{9A19103F-16F7-4668-BE54-9A1E7A4F7556}") = "Quiz.Services", "..\Quiz.Services\Quiz.Services.csproj", "{DD7028E5-71B3-4363-8712-0E7626D1AA53}"
EndProject
Project("{9A19103F-16F7-4668-BE54-9A1E7A4F7556}") = "Quiz.Infrastructures", "..\Quiz.Infrastructures\Quiz.Infrastructures.csproj", "{E0A68600-7407-43D2-844F-140CB895276C}"
EndProject
Project("{9A19103F-16F7-4668-BE54-9A1E7A4F7556}") = "Quiz.Models", "..\Quiz.Models\Quiz.Models.csproj", "{29740447-8955-4E4E-B0CE-F40FFA7F59C9}"
EndProject
Project("{9A19103F-16F7-4668-BE54-9A1E7A4F7556}") = "Quiz.Dtos", "..\Quiz.Dtos\Quiz.Dtos.csproj", "{168BD475-18DF-42A8-872E-CD2A7CD84CCA}"
EndProject
Project("{2150E333-8FDC-42A3-9474-1A3956D46DE8}") = "src", "src", "{32107103-9DD7-413E-A386-855187C4B270}"
EndProject
Project("{2150E333-8FDC-42A3-9474-1A3956D46DE8}") = "test", "test", "{0C2B35B3-FA83-441A-8672-4A4183286D97}"
EndProject
Project("{9A19103F-16F7-4668-BE54-9A1E7A4F7556}") = "Quiz.Validations", "..\Quiz.Validations\Quiz.Validations.csproj", "{A66D02D4-862C-4F9E-B78E-D0D5C5613D9E}"
EndProject
Project("{9A19103F-16F7-4668-BE54-9A1E7A4F7556}") = "Quiz.Validations.Tests", "..\tests\Quiz.Validation.Tests\Quiz.Validations.Tests.csproj", "{8622A656-3C7E-4ECC-899B-DA8A12D12CE0}"
EndProject
Project("{9A19103F-16F7-4668-BE54-9A1E7A4F7556}") = "Quiz.ForNative.Services", "..\Quiz.ForNative.Services\Quiz.ForNative.Services.csproj", "{D5748F5B-1FC3-4EBA-B7DD-08D6585DD5FE}"
EndProject
Project("{9A19103F-16F7-4668-BE54-9A1E7A4F7556}") = "Quiz.ForNative.Repository", "..\Quiz.ForNative.Repository\Quiz.ForNative.Repository.csproj", "{DAE31D23-5E9A-4987-9569-B6F84F9D5BC1}"
EndProject
Project("{9A19103F-16F7-4668-BE54-9A1E7A4F7556}") = "Quiz.ForNative.Repository.Exceptions", "..\Quiz.ForNative.Repository.Exceptions\Quiz.ForNative.Repository.Exceptions.csproj", "{17208FC5-A246-42D5-B4A4-E2EC8DE82246}"
EndProject
Project("{9A19103F-16F7-4668-BE54-9A1E7A4F7556}") = "Quiz.ForNative.Repository.Interfaces", "..\Quiz.For.Native.Repository.Interfaces\Quiz.ForNative.Repository.Interfaces.csproj", "{FCDC9BFB-B5E2-47F8-8ABE-A55FE8144754}"
EndProject
Project("{9A19103F-16F7-4668-BE54-9A1E7A4F7556}") = "Quiz.ForNative.Middleware.Http.Tests", "..\Quiz.ForNative.Middleware.Http.Tests\Quiz.ForNative.Middleware.Http.Tests.csproj", "{7D4B1DCC-4371-43EF-BD3A-0BF8B6051AC5}"
EndProject
Project("{9A19103F-16F7-4668-BE54-9A1E7A4F7556}") = "Quiz.ForNative.Middleware.Http", "..\Quiz.ForNative.Middleware.Http\Quiz.ForNative.Middleware.Http.csproj", "{B0C8CD29-2FC8-40F9-9313-D2302108E1CE}"
EndProject
Project("{9A19103F-16F7-4668-BE54-9A1E7A4F7556}") = "Quiz.ForNative.Args", "..\Quiz.ForNative.Args\Quiz.ForNative.Args.csproj", "{0866EB54-1321-427B-93CE-7A7223DD4973}"
EndProject
Project("{9A19103F-16F7-4668-BE54-9A1E7A4F7556}") = "Quiz.ForNative.Tests.Utils", "..\Quiz.ForNative.Tests.Utils\Quiz.ForNative.Tests.Utils.csproj", "{FA054FE2-4AE0-49D5-90B3-1C9812F918CD}"
EndProject
Project("{9A19103F-16F7-4668-BE54-9A1E7A4F7556}") = "Quiz.ForNative.Repository.Tests", "..\Quiz.ForNative.Repository.Tests\Quiz.ForNative.Repository.Tests.csproj", "{8D5827B7-BD8E-4637-80CD-2F483372AB74}"
EndProject
Project("{9A19103F-16F7-4668-BE54-9A1E7A4F7556}") = "Quiz.ForNative.Domain", "..\Quiz.ForNative.Domain\Quiz.ForNative.Domain.csproj", "{DB48B221-5974-41AD-AF9A-DA2574BC6774}"
EndProject
Project("{9A19103F-16F7-4668-BE54-9A1E7A4F7556}") = "Quiz.ForNative.Mappers", "..\Quiz.ForNative.Mappers\Quiz.ForNative.Mappers.csproj", "{A3695062-0B75-413A-A687-FE8BFBF1B90D}"
EndProject
Project("{9A19103F-16F7-4668-BE54-9A1E7A4F7556}") = "Quiz.ForNative.Services.Tests", "..\Quiz.ForNative.Services.Tests\Quiz.ForNative.Services.Tests.csproj", "{BB991AF7-654F-4DAC-A2F1-B668775FD63D}"
EndProject
Project("{FAE04EC0-301F-11D3-BF4B-00C04F79EFBC}") = "Quiz.ViewModels.Tests", "..\Quiz.ViewModels.Tests\Quiz.ViewModels.Tests.csproj", "{A12781A8-510F-4872-B2FD-4DBD7A64CCA9}"
EndProject
Global
	GlobalSection(SolutionConfigurationPlatforms) = preSolution
		Debug|Any CPU = Debug|Any CPU
		Release|Any CPU = Release|Any CPU
	EndGlobalSection
	GlobalSection(ProjectConfigurationPlatforms) = postSolution
		{EF354536-6BA2-44A5-B606-7F892CB6D714}.Debug|Any CPU.ActiveCfg = Debug|Any CPU
		{EF354536-6BA2-44A5-B606-7F892CB6D714}.Debug|Any CPU.Build.0 = Debug|Any CPU
		{EF354536-6BA2-44A5-B606-7F892CB6D714}.Debug|Any CPU.Deploy.0 = Debug|Any CPU
		{EF354536-6BA2-44A5-B606-7F892CB6D714}.Release|Any CPU.ActiveCfg = Release|Any CPU
		{EF354536-6BA2-44A5-B606-7F892CB6D714}.Release|Any CPU.Build.0 = Release|Any CPU
		{EF354536-6BA2-44A5-B606-7F892CB6D714}.Release|Any CPU.Deploy.0 = Release|Any CPU
		{87BBF9B5-AE31-41D5-BF9A-E8786F5D6C33}.Debug|Any CPU.ActiveCfg = Debug|Any CPU
		{87BBF9B5-AE31-41D5-BF9A-E8786F5D6C33}.Debug|Any CPU.Build.0 = Debug|Any CPU
		{87BBF9B5-AE31-41D5-BF9A-E8786F5D6C33}.Release|Any CPU.ActiveCfg = Release|Any CPU
		{87BBF9B5-AE31-41D5-BF9A-E8786F5D6C33}.Release|Any CPU.Build.0 = Release|Any CPU
		{DD7028E5-71B3-4363-8712-0E7626D1AA53}.Debug|Any CPU.ActiveCfg = Debug|Any CPU
		{DD7028E5-71B3-4363-8712-0E7626D1AA53}.Debug|Any CPU.Build.0 = Debug|Any CPU
		{DD7028E5-71B3-4363-8712-0E7626D1AA53}.Release|Any CPU.ActiveCfg = Release|Any CPU
		{DD7028E5-71B3-4363-8712-0E7626D1AA53}.Release|Any CPU.Build.0 = Release|Any CPU
		{E0A68600-7407-43D2-844F-140CB895276C}.Debug|Any CPU.ActiveCfg = Debug|Any CPU
		{E0A68600-7407-43D2-844F-140CB895276C}.Debug|Any CPU.Build.0 = Debug|Any CPU
		{E0A68600-7407-43D2-844F-140CB895276C}.Release|Any CPU.ActiveCfg = Release|Any CPU
		{E0A68600-7407-43D2-844F-140CB895276C}.Release|Any CPU.Build.0 = Release|Any CPU
		{29740447-8955-4E4E-B0CE-F40FFA7F59C9}.Debug|Any CPU.ActiveCfg = Debug|Any CPU
		{29740447-8955-4E4E-B0CE-F40FFA7F59C9}.Debug|Any CPU.Build.0 = Debug|Any CPU
		{29740447-8955-4E4E-B0CE-F40FFA7F59C9}.Release|Any CPU.ActiveCfg = Release|Any CPU
		{29740447-8955-4E4E-B0CE-F40FFA7F59C9}.Release|Any CPU.Build.0 = Release|Any CPU
		{168BD475-18DF-42A8-872E-CD2A7CD84CCA}.Debug|Any CPU.ActiveCfg = Debug|Any CPU
		{168BD475-18DF-42A8-872E-CD2A7CD84CCA}.Debug|Any CPU.Build.0 = Debug|Any CPU
		{168BD475-18DF-42A8-872E-CD2A7CD84CCA}.Release|Any CPU.ActiveCfg = Release|Any CPU
		{168BD475-18DF-42A8-872E-CD2A7CD84CCA}.Release|Any CPU.Build.0 = Release|Any CPU
		{A66D02D4-862C-4F9E-B78E-D0D5C5613D9E}.Debug|Any CPU.ActiveCfg = Debug|Any CPU
		{A66D02D4-862C-4F9E-B78E-D0D5C5613D9E}.Debug|Any CPU.Build.0 = Debug|Any CPU
		{A66D02D4-862C-4F9E-B78E-D0D5C5613D9E}.Release|Any CPU.ActiveCfg = Release|Any CPU
		{A66D02D4-862C-4F9E-B78E-D0D5C5613D9E}.Release|Any CPU.Build.0 = Release|Any CPU
		{8622A656-3C7E-4ECC-899B-DA8A12D12CE0}.Debug|Any CPU.ActiveCfg = Debug|Any CPU
		{8622A656-3C7E-4ECC-899B-DA8A12D12CE0}.Debug|Any CPU.Build.0 = Debug|Any CPU
		{8622A656-3C7E-4ECC-899B-DA8A12D12CE0}.Release|Any CPU.ActiveCfg = Release|Any CPU
		{8622A656-3C7E-4ECC-899B-DA8A12D12CE0}.Release|Any CPU.Build.0 = Release|Any CPU
		{D5748F5B-1FC3-4EBA-B7DD-08D6585DD5FE}.Debug|Any CPU.ActiveCfg = Debug|Any CPU
		{D5748F5B-1FC3-4EBA-B7DD-08D6585DD5FE}.Debug|Any CPU.Build.0 = Debug|Any CPU
		{D5748F5B-1FC3-4EBA-B7DD-08D6585DD5FE}.Release|Any CPU.ActiveCfg = Release|Any CPU
		{D5748F5B-1FC3-4EBA-B7DD-08D6585DD5FE}.Release|Any CPU.Build.0 = Release|Any CPU
		{DAE31D23-5E9A-4987-9569-B6F84F9D5BC1}.Debug|Any CPU.ActiveCfg = Debug|Any CPU
		{DAE31D23-5E9A-4987-9569-B6F84F9D5BC1}.Debug|Any CPU.Build.0 = Debug|Any CPU
		{DAE31D23-5E9A-4987-9569-B6F84F9D5BC1}.Release|Any CPU.ActiveCfg = Release|Any CPU
		{DAE31D23-5E9A-4987-9569-B6F84F9D5BC1}.Release|Any CPU.Build.0 = Release|Any CPU
		{17208FC5-A246-42D5-B4A4-E2EC8DE82246}.Debug|Any CPU.ActiveCfg = Debug|Any CPU
		{17208FC5-A246-42D5-B4A4-E2EC8DE82246}.Debug|Any CPU.Build.0 = Debug|Any CPU
		{17208FC5-A246-42D5-B4A4-E2EC8DE82246}.Release|Any CPU.ActiveCfg = Release|Any CPU
		{17208FC5-A246-42D5-B4A4-E2EC8DE82246}.Release|Any CPU.Build.0 = Release|Any CPU
		{FCDC9BFB-B5E2-47F8-8ABE-A55FE8144754}.Debug|Any CPU.ActiveCfg = Debug|Any CPU
		{FCDC9BFB-B5E2-47F8-8ABE-A55FE8144754}.Debug|Any CPU.Build.0 = Debug|Any CPU
		{FCDC9BFB-B5E2-47F8-8ABE-A55FE8144754}.Release|Any CPU.ActiveCfg = Release|Any CPU
		{FCDC9BFB-B5E2-47F8-8ABE-A55FE8144754}.Release|Any CPU.Build.0 = Release|Any CPU
		{7D4B1DCC-4371-43EF-BD3A-0BF8B6051AC5}.Debug|Any CPU.ActiveCfg = Debug|Any CPU
		{7D4B1DCC-4371-43EF-BD3A-0BF8B6051AC5}.Debug|Any CPU.Build.0 = Debug|Any CPU
		{7D4B1DCC-4371-43EF-BD3A-0BF8B6051AC5}.Release|Any CPU.ActiveCfg = Release|Any CPU
		{7D4B1DCC-4371-43EF-BD3A-0BF8B6051AC5}.Release|Any CPU.Build.0 = Release|Any CPU
		{B0C8CD29-2FC8-40F9-9313-D2302108E1CE}.Debug|Any CPU.ActiveCfg = Debug|Any CPU
		{B0C8CD29-2FC8-40F9-9313-D2302108E1CE}.Debug|Any CPU.Build.0 = Debug|Any CPU
		{B0C8CD29-2FC8-40F9-9313-D2302108E1CE}.Release|Any CPU.ActiveCfg = Release|Any CPU
		{B0C8CD29-2FC8-40F9-9313-D2302108E1CE}.Release|Any CPU.Build.0 = Release|Any CPU
		{0866EB54-1321-427B-93CE-7A7223DD4973}.Debug|Any CPU.ActiveCfg = Debug|Any CPU
		{0866EB54-1321-427B-93CE-7A7223DD4973}.Debug|Any CPU.Build.0 = Debug|Any CPU
		{0866EB54-1321-427B-93CE-7A7223DD4973}.Release|Any CPU.ActiveCfg = Release|Any CPU
		{0866EB54-1321-427B-93CE-7A7223DD4973}.Release|Any CPU.Build.0 = Release|Any CPU
		{FA054FE2-4AE0-49D5-90B3-1C9812F918CD}.Debug|Any CPU.ActiveCfg = Debug|Any CPU
		{FA054FE2-4AE0-49D5-90B3-1C9812F918CD}.Debug|Any CPU.Build.0 = Debug|Any CPU
		{FA054FE2-4AE0-49D5-90B3-1C9812F918CD}.Release|Any CPU.ActiveCfg = Release|Any CPU
		{FA054FE2-4AE0-49D5-90B3-1C9812F918CD}.Release|Any CPU.Build.0 = Release|Any CPU
		{8D5827B7-BD8E-4637-80CD-2F483372AB74}.Debug|Any CPU.ActiveCfg = Debug|Any CPU
		{8D5827B7-BD8E-4637-80CD-2F483372AB74}.Debug|Any CPU.Build.0 = Debug|Any CPU
		{8D5827B7-BD8E-4637-80CD-2F483372AB74}.Release|Any CPU.ActiveCfg = Release|Any CPU
		{8D5827B7-BD8E-4637-80CD-2F483372AB74}.Release|Any CPU.Build.0 = Release|Any CPU
		{DB48B221-5974-41AD-AF9A-DA2574BC6774}.Debug|Any CPU.ActiveCfg = Debug|Any CPU
		{DB48B221-5974-41AD-AF9A-DA2574BC6774}.Debug|Any CPU.Build.0 = Debug|Any CPU
		{DB48B221-5974-41AD-AF9A-DA2574BC6774}.Release|Any CPU.ActiveCfg = Release|Any CPU
		{DB48B221-5974-41AD-AF9A-DA2574BC6774}.Release|Any CPU.Build.0 = Release|Any CPU
		{A3695062-0B75-413A-A687-FE8BFBF1B90D}.Debug|Any CPU.ActiveCfg = Debug|Any CPU
		{A3695062-0B75-413A-A687-FE8BFBF1B90D}.Debug|Any CPU.Build.0 = Debug|Any CPU
		{A3695062-0B75-413A-A687-FE8BFBF1B90D}.Release|Any CPU.ActiveCfg = Release|Any CPU
		{A3695062-0B75-413A-A687-FE8BFBF1B90D}.Release|Any CPU.Build.0 = Release|Any CPU
		{BB991AF7-654F-4DAC-A2F1-B668775FD63D}.Debug|Any CPU.ActiveCfg = Debug|Any CPU
		{BB991AF7-654F-4DAC-A2F1-B668775FD63D}.Debug|Any CPU.Build.0 = Debug|Any CPU
		{BB991AF7-654F-4DAC-A2F1-B668775FD63D}.Release|Any CPU.ActiveCfg = Release|Any CPU
		{BB991AF7-654F-4DAC-A2F1-B668775FD63D}.Release|Any CPU.Build.0 = Release|Any CPU
		{A12781A8-510F-4872-B2FD-4DBD7A64CCA9}.Debug|Any CPU.ActiveCfg = Debug|Any CPU
		{A12781A8-510F-4872-B2FD-4DBD7A64CCA9}.Debug|Any CPU.Build.0 = Debug|Any CPU
		{A12781A8-510F-4872-B2FD-4DBD7A64CCA9}.Release|Any CPU.ActiveCfg = Release|Any CPU
		{A12781A8-510F-4872-B2FD-4DBD7A64CCA9}.Release|Any CPU.Build.0 = Release|Any CPU
	EndGlobalSection
	GlobalSection(SolutionProperties) = preSolution
		HideSolutionNode = FALSE
	EndGlobalSection
	GlobalSection(NestedProjects) = preSolution
		{EF354536-6BA2-44A5-B606-7F892CB6D714} = {32107103-9DD7-413E-A386-855187C4B270}
		{87BBF9B5-AE31-41D5-BF9A-E8786F5D6C33} = {32107103-9DD7-413E-A386-855187C4B270}
		{DD7028E5-71B3-4363-8712-0E7626D1AA53} = {32107103-9DD7-413E-A386-855187C4B270}
		{E0A68600-7407-43D2-844F-140CB895276C} = {32107103-9DD7-413E-A386-855187C4B270}
		{29740447-8955-4E4E-B0CE-F40FFA7F59C9} = {32107103-9DD7-413E-A386-855187C4B270}
		{168BD475-18DF-42A8-872E-CD2A7CD84CCA} = {32107103-9DD7-413E-A386-855187C4B270}
		{A66D02D4-862C-4F9E-B78E-D0D5C5613D9E} = {32107103-9DD7-413E-A386-855187C4B270}
		{8622A656-3C7E-4ECC-899B-DA8A12D12CE0} = {0C2B35B3-FA83-441A-8672-4A4183286D97}
		{D5748F5B-1FC3-4EBA-B7DD-08D6585DD5FE} = {32107103-9DD7-413E-A386-855187C4B270}
		{DAE31D23-5E9A-4987-9569-B6F84F9D5BC1} = {32107103-9DD7-413E-A386-855187C4B270}
		{17208FC5-A246-42D5-B4A4-E2EC8DE82246} = {32107103-9DD7-413E-A386-855187C4B270}
		{FCDC9BFB-B5E2-47F8-8ABE-A55FE8144754} = {32107103-9DD7-413E-A386-855187C4B270}
		{7D4B1DCC-4371-43EF-BD3A-0BF8B6051AC5} = {0C2B35B3-FA83-441A-8672-4A4183286D97}
		{B0C8CD29-2FC8-40F9-9313-D2302108E1CE} = {32107103-9DD7-413E-A386-855187C4B270}
		{0866EB54-1321-427B-93CE-7A7223DD4973} = {32107103-9DD7-413E-A386-855187C4B270}
		{FA054FE2-4AE0-49D5-90B3-1C9812F918CD} = {0C2B35B3-FA83-441A-8672-4A4183286D97}
		{8D5827B7-BD8E-4637-80CD-2F483372AB74} = {0C2B35B3-FA83-441A-8672-4A4183286D97}
		{DB48B221-5974-41AD-AF9A-DA2574BC6774} = {32107103-9DD7-413E-A386-855187C4B270}
		{A3695062-0B75-413A-A687-FE8BFBF1B90D} = {32107103-9DD7-413E-A386-855187C4B270}
		{BB991AF7-654F-4DAC-A2F1-B668775FD63D} = {0C2B35B3-FA83-441A-8672-4A4183286D97}
		{A12781A8-510F-4872-B2FD-4DBD7A64CCA9} = {0C2B35B3-FA83-441A-8672-4A4183286D97}
	EndGlobalSection
	GlobalSection(ExtensibilityGlobals) = postSolution
		SolutionGuid = {8333539B-C18F-4859-B984-7C444B6E0E8F}
	EndGlobalSection
EndGlobal
